// !$*UTF8*$!
{
	archiveVersion = 1;
	classes = {
	};
	objectVersion = 46;
	objects = {

/* Begin PBXBuildFile section */
		F8F5D98519C20C100034349A /* main.swift in Sources */ = {isa = PBXBuildFile; fileRef = F8F5D98419C20C100034349A /* main.swift */; };
		F8F5D98719C20C100034349A /* AppDelegate.swift in Sources */ = {isa = PBXBuildFile; fileRef = F8F5D98619C20C100034349A /* AppDelegate.swift */; };
		F8F5D98919C20C100034349A /* GameScene.swift in Sources */ = {isa = PBXBuildFile; fileRef = F8F5D98819C20C100034349A /* GameScene.swift */; };
		F8F5D98B19C20C100034349A /* GameScene.sks in Resources */ = {isa = PBXBuildFile; fileRef = F8F5D98A19C20C100034349A /* GameScene.sks */; };
		F8F5D98D19C20C100034349A /* Images.xcassets in Resources */ = {isa = PBXBuildFile; fileRef = F8F5D98C19C20C100034349A /* Images.xcassets */; };
		F8F5D99019C20C100034349A /* MainMenu.xib in Resources */ = {isa = PBXBuildFile; fileRef = F8F5D98E19C20C100034349A /* MainMenu.xib */; };
		F8F5D99C19C20C100034349A /* testTests.swift in Sources */ = {isa = PBXBuildFile; fileRef = F8F5D99B19C20C100034349A /* testTests.swift */; };
/* End PBXBuildFile section */

/* Begin PBXContainerItemProxy section */
		F8F5D99619C20C100034349A /* PBXContainerItemProxy */ = {
			isa = PBXContainerItemProxy;
			containerPortal = F8F5D97719C20C100034349A /* Project object */;
			proxyType = 1;
			remoteGlobalIDString = F8F5D97E19C20C100034349A;
			remoteInfo = test;
		};
/* End PBXContainerItemProxy section */

/* Begin PBXFileReference section */
		F8F5D97F19C20C100034349A /* test.app */ = {isa = PBXFileReference; explicitFileType = wrapper.application; includeInIndex = 0; path = test.app; sourceTree = BUILT_PRODUCTS_DIR; };
		F8F5D98319C20C100034349A /* Info.plist */ = {isa = PBXFileReference; lastKnownFileType = text.plist.xml; path = Info.plist; sourceTree = "<group>"; };
		F8F5D98419C20C100034349A /* main.swift */ = {isa = PBXFileReference; lastKnownFileType = sourcecode.swift; path = main.swift; sourceTree = "<group>"; };
		F8F5D98619C20C100034349A /* AppDelegate.swift */ = {isa = PBXFileReference; lastKnownFileType = sourcecode.swift; path = AppDelegate.swift; sourceTree = "<group>"; };
		F8F5D98819C20C100034349A /* GameScene.swift */ = {isa = PBXFileReference; lastKnownFileType = sourcecode.swift; path = GameScene.swift; sourceTree = "<group>"; };
		F8F5D98A19C20C100034349A /* GameScene.sks */ = {isa = PBXFileReference; lastKnownFileType = file.sks; path = GameScene.sks; sourceTree = "<group>"; };
		F8F5D98C19C20C100034349A /* Images.xcassets */ = {isa = PBXFileReference; lastKnownFileType = folder.assetcatalog; path = Images.xcassets; sourceTree = "<group>"; };
		F8F5D98F19C20C100034349A /* Base */ = {isa = PBXFileReference; lastKnownFileType = file.xib; name = Base; path = Base.lproj/MainMenu.xib; sourceTree = "<group>"; };
		F8F5D99519C20C100034349A /* testTests.xctest */ = {isa = PBXFileReference; explicitFileType = wrapper.cfbundle; includeInIndex = 0; path = testTests.xctest; sourceTree = BUILT_PRODUCTS_DIR; };
		F8F5D99A19C20C100034349A /* Info.plist */ = {isa = PBXFileReference; lastKnownFileType = text.plist.xml; path = Info.plist; sourceTree = "<group>"; };
		F8F5D99B19C20C100034349A /* testTests.swift */ = {isa = PBXFileReference; lastKnownFileType = sourcecode.swift; path = testTests.swift; sourceTree = "<group>"; };
/* End PBXFileReference section */

/* Begin PBXFrameworksBuildPhase section */
		F8F5D97C19C20C100034349A /* Frameworks */ = {
			isa = PBXFrameworksBuildPhase;
			buildActionMask = 2147483647;
			files = (
			);
			runOnlyForDeploymentPostprocessing = 0;
		};
		F8F5D99219C20C100034349A /* Frameworks */ = {
			isa = PBXFrameworksBuildPhase;
			buildActionMask = 2147483647;
			files = (
			);
			runOnlyForDeploymentPostprocessing = 0;
		};
/* End PBXFrameworksBuildPhase section */

/* Begin PBXGroup section */
		F8F5D97619C20C100034349A = {
			isa = PBXGroup;
			children = (
				F8F5D98119C20C100034349A /* test */,
				F8F5D99819C20C100034349A /* testTests */,
				F8F5D98019C20C100034349A /* Products */,
			);
			sourceTree = "<group>";
		};
		F8F5D98019C20C100034349A /* Products */ = {
			isa = PBXGroup;
			children = (
				F8F5D97F19C20C100034349A /* test.app */,
				F8F5D99519C20C100034349A /* testTests.xctest */,
			);
			name = Products;
			sourceTree = "<group>";
		};
		F8F5D98119C20C100034349A /* test */ = {
			isa = PBXGroup;
			children = (
				F8F5D98619C20C100034349A /* AppDelegate.swift */,
				F8F5D98819C20C100034349A /* GameScene.swift */,
				F8F5D98A19C20C100034349A /* GameScene.sks */,
				F8F5D98C19C20C100034349A /* Images.xcassets */,
				F8F5D98E19C20C100034349A /* MainMenu.xib */,
				F8F5D98219C20C100034349A /* Supporting Files */,
			);
			path = test;
			sourceTree = "<group>";
		};
		F8F5D98219C20C100034349A /* Supporting Files */ = {
			isa = PBXGroup;
			children = (
				F8F5D98319C20C100034349A /* Info.plist */,
				F8F5D98419C20C100034349A /* main.swift */,
			);
			name = "Supporting Files";
			sourceTree = "<group>";
		};
		F8F5D99819C20C100034349A /* testTests */ = {
			isa = PBXGroup;
			children = (
				F8F5D99B19C20C100034349A /* testTests.swift */,
				F8F5D99919C20C100034349A /* Supporting Files */,
			);
			path = testTests;
			sourceTree = "<group>";
		};
		F8F5D99919C20C100034349A /* Supporting Files */ = {
			isa = PBXGroup;
			children = (
				F8F5D99A19C20C100034349A /* Info.plist */,
			);
			name = "Supporting Files";
			sourceTree = "<group>";
		};
/* End PBXGroup section */

/* Begin PBXNativeTarget section */
		F8F5D97E19C20C100034349A /* test */ = {
			isa = PBXNativeTarget;
			buildConfigurationList = F8F5D99F19C20C100034349A /* Build configuration list for PBXNativeTarget "test" */;
			buildPhases = (
				F8F5D97B19C20C100034349A /* Sources */,
				F8F5D97C19C20C100034349A /* Frameworks */,
				F8F5D97D19C20C100034349A /* Resources */,
			);
			buildRules = (
			);
			dependencies = (
			);
			name = test;
			productName = test;
			productReference = F8F5D97F19C20C100034349A /* test.app */;
			productType = "com.apple.product-type.application";
		};
		F8F5D99419C20C100034349A /* testTests */ = {
			isa = PBXNativeTarget;
			buildConfigurationList = F8F5D9A219C20C100034349A /* Build configuration list for PBXNativeTarget "testTests" */;
			buildPhases = (
				F8F5D99119C20C100034349A /* Sources */,
				F8F5D99219C20C100034349A /* Frameworks */,
				F8F5D99319C20C100034349A /* Resources */,
			);
			buildRules = (
			);
			dependencies = (
				F8F5D99719C20C100034349A /* PBXTargetDependency */,
			);
			name = testTests;
			productName = testTests;
			productReference = F8F5D99519C20C100034349A /* testTests.xctest */;
			productType = "com.apple.product-type.bundle.unit-test";
		};
/* End PBXNativeTarget section */

/* Begin PBXProject section */
		F8F5D97719C20C100034349A /* Project object */ = {
			isa = PBXProject;
			attributes = {
				LastUpgradeCheck = 0600;
				ORGANIZATIONNAME = Thoughtworks;
				TargetAttributes = {
					F8F5D97E19C20C100034349A = {
						CreatedOnToolsVersion = 6.0;
					};
					F8F5D99419C20C100034349A = {
						CreatedOnToolsVersion = 6.0;
						TestTargetID = F8F5D97E19C20C100034349A;
					};
				};
			};
			buildConfigurationList = F8F5D97A19C20C100034349A /* Build configuration list for PBXProject "test" */;
			compatibilityVersion = "Xcode 3.2";
			developmentRegion = English;
			hasScannedForEncodings = 0;
			knownRegions = (
				en,
				Base,
			);
			mainGroup = F8F5D97619C20C100034349A;
			productRefGroup = F8F5D98019C20C100034349A /* Products */;
			projectDirPath = "";
			projectRoot = "";
			targets = (
				F8F5D97E19C20C100034349A /* test */,
				F8F5D99419C20C100034349A /* testTests */,
			);
		};
/* End PBXProject section */

/* Begin PBXResourcesBuildPhase section */
		F8F5D97D19C20C100034349A /* Resources */ = {
			isa = PBXResourcesBuildPhase;
			buildActionMask = 2147483647;
			files = (
				F8F5D98B19C20C100034349A /* GameScene.sks in Resources */,
				F8F5D98D19C20C100034349A /* Images.xcassets in Resources */,
				F8F5D99019C20C100034349A /* MainMenu.xib in Resources */,
			);
			runOnlyForDeploymentPostprocessing = 0;
		};
		F8F5D99319C20C100034349A /* Resources */ = {
			isa = PBXResourcesBuildPhase;
			buildActionMask = 2147483647;
			files = (
			);
			runOnlyForDeploymentPostprocessing = 0;
		};
/* End PBXResourcesBuildPhase section */

/* Begin PBXSourcesBuildPhase section */
		F8F5D97B19C20C100034349A /* Sources */ = {
			isa = PBXSourcesBuildPhase;
			buildActionMask = 2147483647;
			files = (
				F8F5D98919C20C100034349A /* GameScene.swift in Sources */,
				F8F5D98719C20C100034349A /* AppDelegate.swift in Sources */,
				F8F5D98519C20C100034349A /* main.swift in Sources */,
			);
			runOnlyForDeploymentPostprocessing = 0;
		};
		F8F5D99119C20C100034349A /* Sources */ = {
			isa = PBXSourcesBuildPhase;
			buildActionMask = 2147483647;
			files = (
				F8F5D99C19C20C100034349A /* testTests.swift in Sources */,
			);
			runOnlyForDeploymentPostprocessing = 0;
		};
/* End PBXSourcesBuildPhase section */

/* Begin PBXTargetDependency section */
		F8F5D99719C20C100034349A /* PBXTargetDependency */ = {
			isa = PBXTargetDependency;
			target = F8F5D97E19C20C100034349A /* test */;
			targetProxy = F8F5D99619C20C100034349A /* PBXContainerItemProxy */;
		};
/* End PBXTargetDependency section */

/* Begin PBXVariantGroup section */
		F8F5D98E19C20C100034349A /* MainMenu.xib */ = {
			isa = PBXVariantGroup;
			children = (
				F8F5D98F19C20C100034349A /* Base */,
			);
			name = MainMenu.xib;
			sourceTree = "<group>";
		};
/* End PBXVariantGroup section */

/* Begin XCBuildConfiguration section */
		F8F5D99D19C20C100034349A /* Debug */ = {
			isa = XCBuildConfiguration;
			buildSettings = {
				ALWAYS_SEARCH_USER_PATHS = NO;
				CLANG_CXX_LANGUAGE_STANDARD = "gnu++0x";
				CLANG_CXX_LIBRARY = "libc++";
				CLANG_ENABLE_MODULES = YES;
				CLANG_ENABLE_OBJC_ARC = YES;
				CLANG_WARN_BOOL_CONVERSION = YES;
				CLANG_WARN_CONSTANT_CONVERSION = YES;
				CLANG_WARN_DIRECT_OBJC_ISA_USAGE = YES_ERROR;
				CLANG_WARN_EMPTY_BODY = YES;
				CLANG_WARN_ENUM_CONVERSION = YES;
				CLANG_WARN_INT_CONVERSION = YES;
				CLANG_WARN_OBJC_ROOT_CLASS = YES_ERROR;
				CLANG_WARN_UNREACHABLE_CODE = YES;
				CLANG_WARN__DUPLICATE_METHOD_MATCH = YES;
				CODE_SIGN_IDENTITY = "-";
				COPY_PHASE_STRIP = NO;
				ENABLE_STRICT_OBJC_MSGSEND = YES;
				GCC_C_LANGUAGE_STANDARD = gnu99;
				GCC_DYNAMIC_NO_PIC = NO;
				GCC_OPTIMIZATION_LEVEL = 0;
				GCC_PREPROCESSOR_DEFINITIONS = (
					"DEBUG=1",
					"$(inherited)",
				);
				GCC_SYMBOLS_PRIVATE_EXTERN = NO;
				GCC_WARN_64_TO_32_BIT_CONVERSION = YES;
				GCC_WARN_ABOUT_RETURN_TYPE = YES_ERROR;
				GCC_WARN_UNDECLARED_SELECTOR = YES;
				GCC_WARN_UNINITIALIZED_AUTOS = YES_AGGRESSIVE;
				GCC_WARN_UNUSED_FUNCTION = YES;
				GCC_WARN_UNUSED_VARIABLE = YES;
				MACOSX_DEPLOYMENT_TARGET = 10.9;
				MTL_ENABLE_DEBUG_INFO = YES;
				ONLY_ACTIVE_ARCH = YES;
				SDKROOT = macosx;
				SWIFT_OPTIMIZATION_LEVEL = "-Onone";
			};
			name = Debug;
		};
		F8F5D99E19C20C100034349A /* Release */ = {
			isa = XCBuildConfiguration;
			buildSettings = {
				ALWAYS_SEARCH_USER_PATHS = NO;
				CLANG_CXX_LANGUAGE_STANDARD = "gnu++0x";
				CLANG_CXX_LIBRARY = "libc++";
				CLANG_ENABLE_MODULES = YES;
				CLANG_ENABLE_OBJC_ARC = YES;
				CLANG_WARN_BOOL_CONVERSION = YES;
				CLANG_WARN_CONSTANT_CONVERSION = YES;
				CLANG_WARN_DIRECT_OBJC_ISA_USAGE = YES_ERROR;
				CLANG_WARN_EMPTY_BODY = YES;
				CLANG_WARN_ENUM_CONVERSION = YES;
				CLANG_WARN_INT_CONVERSION = YES;
				CLANG_WARN_OBJC_ROOT_CLASS = YES_ERROR;
				CLANG_WARN_UNREACHABLE_CODE = YES;
				CLANG_WARN__DUPLICATE_METHOD_MATCH = YES;
				CODE_SIGN_IDENTITY = "-";
				COPY_PHASE_STRIP = YES;
				DEBUG_INFORMATION_FORMAT = "dwarf-with-dsym";
				ENABLE_NS_ASSERTIONS = NO;
				ENABLE_STRICT_OBJC_MSGSEND = YES;
				GCC_C_LANGUAGE_STANDARD = gnu99;
				GCC_WARN_64_TO_32_BIT_CONVERSION = YES;
				GCC_WARN_ABOUT_RETURN_TYPE = YES_ERROR;
				GCC_WARN_UNDECLARED_SELECTOR = YES;
				GCC_WARN_UNINITIALIZED_AUTOS = YES_AGGRESSIVE;
				GCC_WARN_UNUSED_FUNCTION = YES;
				GCC_WARN_UNUSED_VARIABLE = YES;
				MACOSX_DEPLOYMENT_TARGET = 10.9;
				MTL_ENABLE_DEBUG_INFO = NO;
				SDKROOT = macosx;
			};
			name = Release;
		};
		F8F5D9A019C20C100034349A /* Debug */ = {
			isa = XCBuildConfiguration;
			buildSettings = {
				ASSETCATALOG_COMPILER_APPICON_NAME = AppIcon;
				COMBINE_HIDPI_IMAGES = YES;
				INFOPLIST_FILE = test/Info.plist;
				LD_RUNPATH_SEARCH_PATHS = "$(inherited) @executable_path/../Frameworks";
				PRODUCT_NAME = "$(TARGET_NAME)";
			};
			name = Debug;
		};
		F8F5D9A119C20C100034349A /* Release */ = {
			isa = XCBuildConfiguration;
			buildSettings = {
				ASSETCATALOG_COMPILER_APPICON_NAME = AppIcon;
				COMBINE_HIDPI_IMAGES = YES;
				INFOPLIST_FILE = test/Info.plist;
				LD_RUNPATH_SEARCH_PATHS = "$(inherited) @executable_path/../Frameworks";
				PRODUCT_NAME = "$(TARGET_NAME)";
			};
			name = Release;
		};
		F8F5D9A319C20C100034349A /* Debug */ = {
			isa = XCBuildConfiguration;
			buildSettings = {
				BUNDLE_LOADER = "$(TEST_HOST)";
				COMBINE_HIDPI_IMAGES = YES;
				FRAMEWORK_SEARCH_PATHS = (
					"$(DEVELOPER_FRAMEWORKS_DIR)",
					"$(inherited)",
				);
				GCC_PREPROCESSOR_DEFINITIONS = (
					"DEBUG=1",
					"$(inherited)",
				);
				INFOPLIST_FILE = testTests/Info.plist;
				LD_RUNPATH_SEARCH_PATHS = "$(inherited) @executable_path/../Frameworks @loader_path/../Frameworks";
				PRODUCT_NAME = "$(TARGET_NAME)";
				TEST_HOST = "$(BUILT_PRODUCTS_DIR)/test.app/Contents/MacOS/test";
			};
			name = Debug;
		};
		F8F5D9A419C20C100034349A /* Release */ = {
			isa = XCBuildConfiguration;
			buildSettings = {
				BUNDLE_LOADER = "$(TEST_HOST)";
				COMBINE_HIDPI_IMAGES = YES;
				FRAMEWORK_SEARCH_PATHS = (
					"$(DEVELOPER_FRAMEWORKS_DIR)",
					"$(inherited)",
				);
				INFOPLIST_FILE = testTests/Info.plist;
				LD_RUNPATH_SEARCH_PATHS = "$(inherited) @executable_path/../Frameworks @loader_path/../Frameworks";
				PRODUCT_NAME = "$(TARGET_NAME)";
				TEST_HOST = "$(BUILT_PRODUCTS_DIR)/test.app/Contents/MacOS/test";
			};
			name = Release;
		};
/* End XCBuildConfiguration section */

/* Begin XCConfigurationList section */
		F8F5D97A19C20C100034349A /* Build configuration list for PBXProject "test" */ = {
			isa = XCConfigurationList;
			buildConfigurations = (
				F8F5D99D19C20C100034349A /* Debug */,
				F8F5D99E19C20C100034349A /* Release */,
			);
			defaultConfigurationIsVisible = 0;
			defaultConfigurationName = Release;
		};
		F8F5D99F19C20C100034349A /* Build configuration list for PBXNativeTarget "test" */ = {
			isa = XCConfigurationList;
			buildConfigurations = (
				F8F5D9A019C20C100034349A /* Debug */,
				F8F5D9A119C20C100034349A /* Release */,
			);
			defaultConfigurationIsVisible = 0;
		};
		F8F5D9A219C20C100034349A /* Build configuration list for PBXNativeTarget "testTests" */ = {
			isa = XCConfigurationList;
			buildConfigurations = (
				F8F5D9A319C20C100034349A /* Debug */,
				F8F5D9A419C20C100034349A /* Release */,
			);
			defaultConfigurationIsVisible = 0;
		};
/* End XCConfigurationList section */
	};
	rootObject = F8F5D97719C20C100034349A /* Project object */;
}
